
Microsoft Visual Studio Solution File, Format Version 12.00
# Visual Studio 2012
Project("{FAE04EC0-301F-11D3-BF4B-00C04F79EFBC}") = "TypeTowel", "TypeTowel\TypeTowel.csproj", "{0E095772-6D4C-47E1-AB3E-55B19740FA8E}"
EndProject
Global
	GlobalSection(SolutionConfigurationPlatforms) = preSolution
		Debug|Any CPU = Debug|Any CPU
		Release|Any CPU = Release|Any CPU
	EndGlobalSection
	GlobalSection(ProjectConfigurationPlatforms) = postSolution
		{0E095772-6D4C-47E1-AB3E-55B19740FA8E}.Debug|Any CPU.ActiveCfg = Debug|Any CPU
		{0E095772-6D4C-47E1-AB3E-55B19740FA8E}.Debug|Any CPU.Build.0 = Debug|Any CPU
		{0E095772-6D4C-47E1-AB3E-55B19740FA8E}.Release|Any CPU.ActiveCfg = Release|Any CPU
		{0E095772-6D4C-47E1-AB3E-55B19740FA8E}.Release|Any CPU.Build.0 = Release|Any CPU
	EndGlobalSection
	GlobalSection(SolutionProperties) = preSolution
		HideSolutionNode = FALSE
	EndGlobalSection
EndGlobal
